// !$*UTF8*$!
{
	archiveVersion = 1;
	classes = {
	};
	objectVersion = 50;
	objects = {

/* Begin PBXBuildFile section */
		3A41A3832469C8B400BF9638 /* AppDelegate.swift in Sources */ = {isa = PBXBuildFile; fileRef = 3A41A3822469C8B400BF9638 /* AppDelegate.swift */; };
		3A41A3852469C8B400BF9638 /* SceneDelegate.swift in Sources */ = {isa = PBXBuildFile; fileRef = 3A41A3842469C8B400BF9638 /* SceneDelegate.swift */; };
		3A41A38A2469C8B400BF9638 /* Main.storyboard in Resources */ = {isa = PBXBuildFile; fileRef = 3A41A3882469C8B400BF9638 /* Main.storyboard */; };
		3A41A38C2469C8B500BF9638 /* Assets.xcassets in Resources */ = {isa = PBXBuildFile; fileRef = 3A41A38B2469C8B500BF9638 /* Assets.xcassets */; };
		3A41A38F2469C8B500BF9638 /* LaunchScreen.storyboard in Resources */ = {isa = PBXBuildFile; fileRef = 3A41A38D2469C8B500BF9638 /* LaunchScreen.storyboard */; };
		3A41A3972469C9B900BF9638 /* CommitTableViewController.swift in Sources */ = {isa = PBXBuildFile; fileRef = 3A41A3962469C9B900BF9638 /* CommitTableViewController.swift */; };
		3A41A3992469CA1100BF9638 /* CommitTableViewCell.swift in Sources */ = {isa = PBXBuildFile; fileRef = 3A41A3982469CA1100BF9638 /* CommitTableViewCell.swift */; };
		3A41A39B2469CFBD00BF9638 /* Commit'sClass.swift in Sources */ = {isa = PBXBuildFile; fileRef = 3A41A39A2469CFBD00BF9638 /* Commit'sClass.swift */; };
		3A45241F246ABBC000F791CE /* NewCommitTableViewController.swift in Sources */ = {isa = PBXBuildFile; fileRef = 3A45241E246ABBC000F791CE /* NewCommitTableViewController.swift */; };
/* End PBXBuildFile section */

/* Begin PBXFileReference section */
		3A41A37F2469C8B400BF9638 /* commit.app */ = {isa = PBXFileReference; explicitFileType = wrapper.application; includeInIndex = 0; path = commit.app; sourceTree = BUILT_PRODUCTS_DIR; };
		3A41A3822469C8B400BF9638 /* AppDelegate.swift */ = {isa = PBXFileReference; lastKnownFileType = sourcecode.swift; path = AppDelegate.swift; sourceTree = "<group>"; };
		3A41A3842469C8B400BF9638 /* SceneDelegate.swift */ = {isa = PBXFileReference; lastKnownFileType = sourcecode.swift; path = SceneDelegate.swift; sourceTree = "<group>"; };
		3A41A3892469C8B400BF9638 /* Base */ = {isa = PBXFileReference; lastKnownFileType = file.storyboard; name = Base; path = Base.lproj/Main.storyboard; sourceTree = "<group>"; };
		3A41A38B2469C8B500BF9638 /* Assets.xcassets */ = {isa = PBXFileReference; lastKnownFileType = folder.assetcatalog; path = Assets.xcassets; sourceTree = "<group>"; };
		3A41A38E2469C8B500BF9638 /* Base */ = {isa = PBXFileReference; lastKnownFileType = file.storyboard; name = Base; path = Base.lproj/LaunchScreen.storyboard; sourceTree = "<group>"; };
		3A41A3902469C8B500BF9638 /* Info.plist */ = {isa = PBXFileReference; lastKnownFileType = text.plist.xml; path = Info.plist; sourceTree = "<group>"; };
		3A41A3962469C9B900BF9638 /* CommitTableViewController.swift */ = {isa = PBXFileReference; lastKnownFileType = sourcecode.swift; path = CommitTableViewController.swift; sourceTree = "<group>"; };
		3A41A3982469CA1100BF9638 /* CommitTableViewCell.swift */ = {isa = PBXFileReference; lastKnownFileType = sourcecode.swift; path = CommitTableViewCell.swift; sourceTree = "<group>"; };
		3A41A39A2469CFBD00BF9638 /* Commit'sClass.swift */ = {isa = PBXFileReference; lastKnownFileType = sourcecode.swift; path = "Commit'sClass.swift"; sourceTree = "<group>"; };
		3A45241E246ABBC000F791CE /* NewCommitTableViewController.swift */ = {isa = PBXFileReference; lastKnownFileType = sourcecode.swift; path = NewCommitTableViewController.swift; sourceTree = "<group>"; };
/* End PBXFileReference section */

/* Begin PBXFrameworksBuildPhase section */
		3A41A37C2469C8B400BF9638 /* Frameworks */ = {
			isa = PBXFrameworksBuildPhase;
			buildActionMask = 2147483647;
			files = (
			);
			runOnlyForDeploymentPostprocessing = 0;
		};
/* End PBXFrameworksBuildPhase section */

/* Begin PBXGroup section */
		3A41A3762469C8B400BF9638 = {
			isa = PBXGroup;
			children = (
				3A41A3812469C8B400BF9638 /* commit */,
				3A41A3802469C8B400BF9638 /* Products */,
			);
			sourceTree = "<group>";
		};
		3A41A3802469C8B400BF9638 /* Products */ = {
			isa = PBXGroup;
			children = (
				3A41A37F2469C8B400BF9638 /* commit.app */,
			);
			name = Products;
			sourceTree = "<group>";
		};
		3A41A3812469C8B400BF9638 /* commit */ = {
			isa = PBXGroup;
			children = (
				3A41A3822469C8B400BF9638 /* AppDelegate.swift */,
				3A41A3842469C8B400BF9638 /* SceneDelegate.swift */,
				3A41A3962469C9B900BF9638 /* CommitTableViewController.swift */,
				3A41A3982469CA1100BF9638 /* CommitTableViewCell.swift */,
				3A45241E246ABBC000F791CE /* NewCommitTableViewController.swift */,
				3A41A39A2469CFBD00BF9638 /* Commit'sClass.swift */,
				3A41A3882469C8B400BF9638 /* Main.storyboard */,
				3A41A38B2469C8B500BF9638 /* Assets.xcassets */,
				3A41A38D2469C8B500BF9638 /* LaunchScreen.storyboard */,
				3A41A3902469C8B500BF9638 /* Info.plist */,
			);
			path = commit;
			sourceTree = "<group>";
		};
/* End PBXGroup section */

/* Begin PBXNativeTarget section */
		3A41A37E2469C8B400BF9638 /* commit */ = {
			isa = PBXNativeTarget;
			buildConfigurationList = 3A41A3932469C8B500BF9638 /* Build configuration list for PBXNativeTarget "commit" */;
			buildPhases = (
				3A41A37B2469C8B400BF9638 /* Sources */,
				3A41A37C2469C8B400BF9638 /* Frameworks */,
				3A41A37D2469C8B400BF9638 /* Resources */,
			);
			buildRules = (
			);
			dependencies = (
			);
			name = commit;
			productName = commit;
			productReference = 3A41A37F2469C8B400BF9638 /* commit.app */;
			productType = "com.apple.product-type.application";
		};
/* End PBXNativeTarget section */

/* Begin PBXProject section */
		3A41A3772469C8B400BF9638 /* Project object */ = {
			isa = PBXProject;
			attributes = {
				LastSwiftUpdateCheck = 1140;
				LastUpgradeCheck = 1140;
				ORGANIZATIONNAME = "Сергей Цыганков";
				TargetAttributes = {
					3A41A37E2469C8B400BF9638 = {
						CreatedOnToolsVersion = 11.4;
					};
				};
			};
			buildConfigurationList = 3A41A37A2469C8B400BF9638 /* Build configuration list for PBXProject "commit" */;
			compatibilityVersion = "Xcode 9.3";
			developmentRegion = en;
			hasScannedForEncodings = 0;
			knownRegions = (
				en,
				Base,
			);
			mainGroup = 3A41A3762469C8B400BF9638;
			productRefGroup = 3A41A3802469C8B400BF9638 /* Products */;
			projectDirPath = "";
			projectRoot = "";
			targets = (
				3A41A37E2469C8B400BF9638 /* commit */,
			);
		};
/* End PBXProject section */

/* Begin PBXResourcesBuildPhase section */
		3A41A37D2469C8B400BF9638 /* Resources */ = {
			isa = PBXResourcesBuildPhase;
			buildActionMask = 2147483647;
			files = (
				3A41A38F2469C8B500BF9638 /* LaunchScreen.storyboard in Resources */,
				3A41A38C2469C8B500BF9638 /* Assets.xcassets in Resources */,
				3A41A38A2469C8B400BF9638 /* Main.storyboard in Resources */,
			);
			runOnlyForDeploymentPostprocessing = 0;
		};
/* End PBXResourcesBuildPhase section */

/* Begin PBXSourcesBuildPhase section */
		3A41A37B2469C8B400BF9638 /* Sources */ = {
			isa = PBXSourcesBuildPhase;
			buildActionMask = 2147483647;
			files = (
				3A41A39B2469CFBD00BF9638 /* Commit'sClass.swift in Sources */,
				3A41A3992469CA1100BF9638 /* CommitTableViewCell.swift in Sources */,
				3A41A3832469C8B400BF9638 /* AppDelegate.swift in Sources */,
				3A45241F246ABBC000F791CE /* NewCommitTableViewController.swift in Sources */,
				3A41A3972469C9B900BF9638 /* CommitTableViewController.swift in Sources */,
				3A41A3852469C8B400BF9638 /* SceneDelegate.swift in Sources */,
			);
			runOnlyForDeploymentPostprocessing = 0;
		};
/* End PBXSourcesBuildPhase section */

/* Begin PBXVariantGroup section */
		3A41A3882469C8B400BF9638 /* Main.storyboard */ = {
			isa = PBXVariantGroup;
			children = (
				3A41A3892469C8B400BF9638 /* Base */,
			);
			name = Main.storyboard;
			sourceTree = "<group>";
		};
		3A41A38D2469C8B500BF9638 /* LaunchScreen.storyboard */ = {
			isa = PBXVariantGroup;
			children = (
				3A41A38E2469C8B500BF9638 /* Base */,
			);
			name = LaunchScreen.storyboard;
			sourceTree = "<group>";
		};
/* End PBXVariantGroup section */

/* Begin XCBuildConfiguration section */
		3A41A3912469C8B500BF9638 /* Debug */ = {
			isa = XCBuildConfiguration;
			buildSettings = {
				ALWAYS_SEARCH_USER_PATHS = NO;
				CLANG_ANALYZER_NONNULL = YES;
				CLANG_ANALYZER_NUMBER_OBJECT_CONVERSION = YES_AGGRESSIVE;
				CLANG_CXX_LANGUAGE_STANDARD = "gnu++14";
				CLANG_CXX_LIBRARY = "libc++";
				CLANG_ENABLE_MODULES = YES;
				CLANG_ENABLE_OBJC_ARC = YES;
				CLANG_ENABLE_OBJC_WEAK = YES;
				CLANG_WARN_BLOCK_CAPTURE_AUTORELEASING = YES;
				CLANG_WARN_BOOL_CONVERSION = YES;
				CLANG_WARN_COMMA = YES;
				CLANG_WARN_CONSTANT_CONVERSION = YES;
				CLANG_WARN_DEPRECATED_OBJC_IMPLEMENTATIONS = YES;
				CLANG_WARN_DIRECT_OBJC_ISA_USAGE = YES_ERROR;
				CLANG_WARN_DOCUMENTATION_COMMENTS = YES;
				CLANG_WARN_EMPTY_BODY = YES;
				CLANG_WARN_ENUM_CONVERSION = YES;
				CLANG_WARN_INFINITE_RECURSION = YES;
				CLANG_WARN_INT_CONVERSION = YES;
				CLANG_WARN_NON_LITERAL_NULL_CONVERSION = YES;
				CLANG_WARN_OBJC_IMPLICIT_RETAIN_SELF = YES;
				CLANG_WARN_OBJC_LITERAL_CONVERSION = YES;
				CLANG_WARN_OBJC_ROOT_CLASS = YES_ERROR;
				CLANG_WARN_RANGE_LOOP_ANALYSIS = YES;
				CLANG_WARN_STRICT_PROTOTYPES = YES;
				CLANG_WARN_SUSPICIOUS_MOVE = YES;
				CLANG_WARN_UNGUARDED_AVAILABILITY = YES_AGGRESSIVE;
				CLANG_WARN_UNREACHABLE_CODE = YES;
				CLANG_WARN__DUPLICATE_METHOD_MATCH = YES;
				COPY_PHASE_STRIP = NO;
				DEBUG_INFORMATION_FORMAT = dwarf;
				ENABLE_STRICT_OBJC_MSGSEND = YES;
				ENABLE_TESTABILITY = YES;
				GCC_C_LANGUAGE_STANDARD = gnu11;
				GCC_DYNAMIC_NO_PIC = NO;
				GCC_NO_COMMON_BLOCKS = YES;
				GCC_OPTIMIZATION_LEVEL = 0;
				GCC_PREPROCESSOR_DEFINITIONS = (
					"DEBUG=1",
					"$(inherited)",
				);
				GCC_WARN_64_TO_32_BIT_CONVERSION = YES;
				GCC_WARN_ABOUT_RETURN_TYPE = YES_ERROR;
				GCC_WARN_UNDECLARED_SELECTOR = YES;
				GCC_WARN_UNINITIALIZED_AUTOS = YES_AGGRESSIVE;
				GCC_WARN_UNUSED_FUNCTION = YES;
				GCC_WARN_UNUSED_VARIABLE = YES;
				IPHONEOS_DEPLOYMENT_TARGET = 13.4;
				MTL_ENABLE_DEBUG_INFO = INCLUDE_SOURCE;
				MTL_FAST_MATH = YES;
				ONLY_ACTIVE_ARCH = YES;
				SDKROOT = iphoneos;
				SWIFT_ACTIVE_COMPILATION_CONDITIONS = DEBUG;
				SWIFT_OPTIMIZATION_LEVEL = "-Onone";
			};
			name = Debug;
		};
		3A41A3922469C8B500BF9638 /* Release */ = {
			isa = XCBuildConfiguration;
			buildSettings = {
				ALWAYS_SEARCH_USER_PATHS = NO;
				CLANG_ANALYZER_NONNULL = YES;
				CLANG_ANALYZER_NUMBER_OBJECT_CONVERSION = YES_AGGRESSIVE;
				CLANG_CXX_LANGUAGE_STANDARD = "gnu++14";
				CLANG_CXX_LIBRARY = "libc++";
				CLANG_ENABLE_MODULES = YES;
				CLANG_ENABLE_OBJC_ARC = YES;
				CLANG_ENABLE_OBJC_WEAK = YES;
				CLANG_WARN_BLOCK_CAPTURE_AUTORELEASING = YES;
				CLANG_WARN_BOOL_CONVERSION = YES;
				CLANG_WARN_COMMA = YES;
				CLANG_WARN_CONSTANT_CONVERSION = YES;
				CLANG_WARN_DEPRECATED_OBJC_IMPLEMENTATIONS = YES;
				CLANG_WARN_DIRECT_OBJC_ISA_USAGE = YES_ERROR;
				CLANG_WARN_DOCUMENTATION_COMMENTS = YES;
				CLANG_WARN_EMPTY_BODY = YES;
				CLANG_WARN_ENUM_CONVERSION = YES;
				CLANG_WARN_INFINITE_RECURSION = YES;
				CLANG_WARN_INT_CONVERSION = YES;
				CLANG_WARN_NON_LITERAL_NULL_CONVERSION = YES;
				CLANG_WARN_OBJC_IMPLICIT_RETAIN_SELF = YES;
				CLANG_WARN_OBJC_LITERAL_CONVERSION = YES;
				CLANG_WARN_OBJC_ROOT_CLASS = YES_ERROR;
				CLANG_WARN_RANGE_LOOP_ANALYSIS = YES;
				CLANG_WARN_STRICT_PROTOTYPES = YES;
				CLANG_WARN_SUSPICIOUS_MOVE = YES;
				CLANG_WARN_UNGUARDED_AVAILABILITY = YES_AGGRESSIVE;
				CLANG_WARN_UNREACHABLE_CODE = YES;
				CLANG_WARN__DUPLICATE_METHOD_MATCH = YES;
				COPY_PHASE_STRIP = NO;
				DEBUG_INFORMATION_FORMAT = "dwarf-with-dsym";
				ENABLE_NS_ASSERTIONS = NO;
				ENABLE_STRICT_OBJC_MSGSEND = YES;
				GCC_C_LANGUAGE_STANDARD = gnu11;
				GCC_NO_COMMON_BLOCKS = YES;
				GCC_WARN_64_TO_32_BIT_CONVERSION = YES;
				GCC_WARN_ABOUT_RETURN_TYPE = YES_ERROR;
				GCC_WARN_UNDECLARED_SELECTOR = YES;
				GCC_WARN_UNINITIALIZED_AUTOS = YES_AGGRESSIVE;
				GCC_WARN_UNUSED_FUNCTION = YES;
				GCC_WARN_UNUSED_VARIABLE = YES;
				IPHONEOS_DEPLOYMENT_TARGET = 13.4;
				MTL_ENABLE_DEBUG_INFO = NO;
				MTL_FAST_MATH = YES;
				SDKROOT = iphoneos;
				SWIFT_COMPILATION_MODE = wholemodule;
				SWIFT_OPTIMIZATION_LEVEL = "-O";
				VALIDATE_PRODUCT = YES;
			};
			name = Release;
		};
		3A41A3942469C8B500BF9638 /* Debug */ = {
			isa = XCBuildConfiguration;
			buildSettings = {
				ASSETCATALOG_COMPILER_APPICON_NAME = AppIcon;
				CODE_SIGN_STYLE = Automatic;
				DEVELOPMENT_TEAM = JXML6575PM;
				INFOPLIST_FILE = commit/Info.plist;
				LD_RUNPATH_SEARCH_PATHS = (
					"$(inherited)",
					"@executable_path/Frameworks",
				);
				PRODUCT_BUNDLE_IDENTIFIER = "Mephist-st.commit";
				PRODUCT_NAME = "$(TARGET_NAME)";
				SWIFT_VERSION = 5.0;
				TARGETED_DEVICE_FAMILY = "1,2";
			};
			name = Debug;
		};
		3A41A3952469C8B500BF9638 /* Release */ = {
			isa = XCBuildConfiguration;
			buildSettings = {
				ASSETCATALOG_COMPILER_APPICON_NAME = AppIcon;
				CODE_SIGN_STYLE = Automatic;
				DEVELOPMENT_TEAM = JXML6575PM;
				INFOPLIST_FILE = commit/Info.plist;
				LD_RUNPATH_SEARCH_PATHS = (
					"$(inherited)",
					"@executable_path/Frameworks",
				);
				PRODUCT_BUNDLE_IDENTIFIER = "Mephist-st.commit";
				PRODUCT_NAME = "$(TARGET_NAME)";
				SWIFT_VERSION = 5.0;
				TARGETED_DEVICE_FAMILY = "1,2";
			};
			name = Release;
		};
/* End XCBuildConfiguration section */

/* Begin XCConfigurationList section */
		3A41A37A2469C8B400BF9638 /* Build configuration list for PBXProject "commit" */ = {
			isa = XCConfigurationList;
			buildConfigurations = (
				3A41A3912469C8B500BF9638 /* Debug */,
				3A41A3922469C8B500BF9638 /* Release */,
			);
			defaultConfigurationIsVisible = 0;
			defaultConfigurationName = Release;
		};
		3A41A3932469C8B500BF9638 /* Build configuration list for PBXNativeTarget "commit" */ = {
			isa = XCConfigurationList;
			buildConfigurations = (
				3A41A3942469C8B500BF9638 /* Debug */,
				3A41A3952469C8B500BF9638 /* Release */,
			);
			defaultConfigurationIsVisible = 0;
			defaultConfigurationName = Release;
		};
/* End XCConfigurationList section */
	};
	rootObject = 3A41A3772469C8B400BF9638 /* Project object */;
}
